// !$*UTF8*$!
{
	archiveVersion = 1;
	classes = {
	};
	objectVersion = 50;
	objects = {

/* Begin PBXBuildFile section */
		7DDB68A34FB9459E302E7AC8 /* Pods_The_Division.framework in Frameworks */ = {isa = PBXBuildFile; fileRef = 84365F5ACB55DDF07A888DF8 /* Pods_The_Division.framework */; };
		8E4B01CF212118ED00986215 /* AppDelegate.swift in Sources */ = {isa = PBXBuildFile; fileRef = 8E4B01CE212118ED00986215 /* AppDelegate.swift */; };
		8E4B01D4212118ED00986215 /* Main.storyboard in Resources */ = {isa = PBXBuildFile; fileRef = 8E4B01D2212118ED00986215 /* Main.storyboard */; };
		8E4B01D7212118ED00986215 /* The_Division.xcdatamodeld in Sources */ = {isa = PBXBuildFile; fileRef = 8E4B01D5212118ED00986215 /* The_Division.xcdatamodeld */; };
		8E4B01D9212118F800986215 /* Assets.xcassets in Resources */ = {isa = PBXBuildFile; fileRef = 8E4B01D8212118F800986215 /* Assets.xcassets */; };
		8E4B01DC212118F800986215 /* LaunchScreen.storyboard in Resources */ = {isa = PBXBuildFile; fileRef = 8E4B01DA212118F800986215 /* LaunchScreen.storyboard */; };
		8E4B01E7212118F800986215 /* The_DivisionTests.swift in Sources */ = {isa = PBXBuildFile; fileRef = 8E4B01E6212118F800986215 /* The_DivisionTests.swift */; };
		8E4B01FD2121228300986215 /* IntroInteractor.swift in Sources */ = {isa = PBXBuildFile; fileRef = 8E4B01F72121228300986215 /* IntroInteractor.swift */; };
		8E4B01FE2121228300986215 /* IntroPresenter.swift in Sources */ = {isa = PBXBuildFile; fileRef = 8E4B01F82121228300986215 /* IntroPresenter.swift */; };
		8E4B01FF2121228300986215 /* IntroProtocols.swift in Sources */ = {isa = PBXBuildFile; fileRef = 8E4B01F92121228300986215 /* IntroProtocols.swift */; };
		8E4B02002121228300986215 /* IntroRouter.swift in Sources */ = {isa = PBXBuildFile; fileRef = 8E4B01FA2121228300986215 /* IntroRouter.swift */; };
		8E4B02012121228300986215 /* IntroViewController.swift in Sources */ = {isa = PBXBuildFile; fileRef = 8E4B01FB2121228300986215 /* IntroViewController.swift */; };
		8E4B020A212122EF00986215 /* IntroItemInteractor.swift in Sources */ = {isa = PBXBuildFile; fileRef = 8E4B0204212122EF00986215 /* IntroItemInteractor.swift */; };
		8E4B020B212122EF00986215 /* IntroItemPresenter.swift in Sources */ = {isa = PBXBuildFile; fileRef = 8E4B0205212122EF00986215 /* IntroItemPresenter.swift */; };
		8E4B020C212122EF00986215 /* IntroItemProtocols.swift in Sources */ = {isa = PBXBuildFile; fileRef = 8E4B0206212122EF00986215 /* IntroItemProtocols.swift */; };
		8E4B020D212122EF00986215 /* IntroItemRouter.swift in Sources */ = {isa = PBXBuildFile; fileRef = 8E4B0207212122EF00986215 /* IntroItemRouter.swift */; };
		8E4B020E212122EF00986215 /* IntroItemViewController.swift in Sources */ = {isa = PBXBuildFile; fileRef = 8E4B0208212122EF00986215 /* IntroItemViewController.swift */; };
		8E4B02142121245F00986215 /* UIApplication+AppDelegate.swift in Sources */ = {isa = PBXBuildFile; fileRef = 8E4B02132121245F00986215 /* UIApplication+AppDelegate.swift */; };
		8E4B02162121251B00986215 /* AppStoryBoard.swift in Sources */ = {isa = PBXBuildFile; fileRef = 8E4B02152121251B00986215 /* AppStoryBoard.swift */; };
		8E4B02192121289200986215 /* DataCacheManager.swift in Sources */ = {isa = PBXBuildFile; fileRef = 8E4B02182121289200986215 /* DataCacheManager.swift */; };
		8E4B021B2121399E00986215 /* UIView+Inspectable.swift in Sources */ = {isa = PBXBuildFile; fileRef = 8E4B021A2121399E00986215 /* UIView+Inspectable.swift */; };
		8E4B021D21214D5C00986215 /* UIView+Animation.swift in Sources */ = {isa = PBXBuildFile; fileRef = 8E4B021C21214D5C00986215 /* UIView+Animation.swift */; };
		8E4B022821215CC300986215 /* LoginInteractor.swift in Sources */ = {isa = PBXBuildFile; fileRef = 8E4B022221215CC300986215 /* LoginInteractor.swift */; };
		8E4B022921215CC300986215 /* LoginPresenter.swift in Sources */ = {isa = PBXBuildFile; fileRef = 8E4B022321215CC300986215 /* LoginPresenter.swift */; };
		8E4B022A21215CC300986215 /* LoginProtocols.swift in Sources */ = {isa = PBXBuildFile; fileRef = 8E4B022421215CC300986215 /* LoginProtocols.swift */; };
		8E4B022B21215CC300986215 /* LoginRouter.swift in Sources */ = {isa = PBXBuildFile; fileRef = 8E4B022521215CC300986215 /* LoginRouter.swift */; };
		8E4B022C21215CC300986215 /* LoginViewController.swift in Sources */ = {isa = PBXBuildFile; fileRef = 8E4B022621215CC300986215 /* LoginViewController.swift */; };
		8E4B02302121629200986215 /* Home.storyboard in Resources */ = {isa = PBXBuildFile; fileRef = 8E4B022F2121629200986215 /* Home.storyboard */; };
		8E4B0235212173FF00986215 /* LoginDataManager.swift in Sources */ = {isa = PBXBuildFile; fileRef = 8E4B0234212173FF00986215 /* LoginDataManager.swift */; };
		8E766BC321226FED00A76E15 /* HUDUtils.swift in Sources */ = {isa = PBXBuildFile; fileRef = 8E766BC221226FED00A76E15 /* HUDUtils.swift */; };
		8E766BCB212278F000A76E15 /* HomeContainerInteractor.swift in Sources */ = {isa = PBXBuildFile; fileRef = 8E766BC5212278F000A76E15 /* HomeContainerInteractor.swift */; };
		8E766BCC212278F000A76E15 /* HomeContainerPresenter.swift in Sources */ = {isa = PBXBuildFile; fileRef = 8E766BC6212278F000A76E15 /* HomeContainerPresenter.swift */; };
		8E766BCD212278F000A76E15 /* HomeContainerProtocols.swift in Sources */ = {isa = PBXBuildFile; fileRef = 8E766BC7212278F000A76E15 /* HomeContainerProtocols.swift */; };
		8E766BCE212278F000A76E15 /* HomeContainerRouter.swift in Sources */ = {isa = PBXBuildFile; fileRef = 8E766BC8212278F000A76E15 /* HomeContainerRouter.swift */; };
		8E766BCF212278F000A76E15 /* HomeContainerViewController.swift in Sources */ = {isa = PBXBuildFile; fileRef = 8E766BC9212278F000A76E15 /* HomeContainerViewController.swift */; };
		8E766BD32122A09300A76E15 /* UITextField+Padding.swift in Sources */ = {isa = PBXBuildFile; fileRef = 8E766BD22122A09300A76E15 /* UITextField+Padding.swift */; };
		B0D4BA0D1D392EFF1333CB89 /* Pods_The_DivisionTests.framework in Frameworks */ = {isa = PBXBuildFile; fileRef = 5D5590A8F03858026C5CCCFB /* Pods_The_DivisionTests.framework */; };
/* End PBXBuildFile section */

/* Begin PBXContainerItemProxy section */
		8E4B01E3212118F800986215 /* PBXContainerItemProxy */ = {
			isa = PBXContainerItemProxy;
			containerPortal = 8E4B01C3212118EC00986215 /* Project object */;
			proxyType = 1;
			remoteGlobalIDString = 8E4B01CA212118ED00986215;
			remoteInfo = "The Division";
		};
/* End PBXContainerItemProxy section */

/* Begin PBXFileReference section */
		1CDE391C3DC334103C923E79 /* Pods-The DivisionTests.debug.xcconfig */ = {isa = PBXFileReference; includeInIndex = 1; lastKnownFileType = text.xcconfig; name = "Pods-The DivisionTests.debug.xcconfig"; path = "Pods/Target Support Files/Pods-The DivisionTests/Pods-The DivisionTests.debug.xcconfig"; sourceTree = "<group>"; };
		40617FECB70F1FC675A30BB7 /* Pods-The DivisionTests.release.xcconfig */ = {isa = PBXFileReference; includeInIndex = 1; lastKnownFileType = text.xcconfig; name = "Pods-The DivisionTests.release.xcconfig"; path = "Pods/Target Support Files/Pods-The DivisionTests/Pods-The DivisionTests.release.xcconfig"; sourceTree = "<group>"; };
		5D5590A8F03858026C5CCCFB /* Pods_The_DivisionTests.framework */ = {isa = PBXFileReference; explicitFileType = wrapper.framework; includeInIndex = 0; path = Pods_The_DivisionTests.framework; sourceTree = BUILT_PRODUCTS_DIR; };
		6C7D34AF34C3D27F6710C78F /* Pods-The Division.release.xcconfig */ = {isa = PBXFileReference; includeInIndex = 1; lastKnownFileType = text.xcconfig; name = "Pods-The Division.release.xcconfig"; path = "Pods/Target Support Files/Pods-The Division/Pods-The Division.release.xcconfig"; sourceTree = "<group>"; };
		84365F5ACB55DDF07A888DF8 /* Pods_The_Division.framework */ = {isa = PBXFileReference; explicitFileType = wrapper.framework; includeInIndex = 0; path = Pods_The_Division.framework; sourceTree = BUILT_PRODUCTS_DIR; };
		8E4B01CB212118ED00986215 /* The Division.app */ = {isa = PBXFileReference; explicitFileType = wrapper.application; includeInIndex = 0; path = "The Division.app"; sourceTree = BUILT_PRODUCTS_DIR; };
		8E4B01CE212118ED00986215 /* AppDelegate.swift */ = {isa = PBXFileReference; lastKnownFileType = sourcecode.swift; path = AppDelegate.swift; sourceTree = "<group>"; };
		8E4B01D3212118ED00986215 /* Base */ = {isa = PBXFileReference; lastKnownFileType = file.storyboard; name = Base; path = Base.lproj/Main.storyboard; sourceTree = "<group>"; };
		8E4B01D6212118ED00986215 /* The_Division.xcdatamodel */ = {isa = PBXFileReference; lastKnownFileType = wrapper.xcdatamodel; path = The_Division.xcdatamodel; sourceTree = "<group>"; };
		8E4B01D8212118F800986215 /* Assets.xcassets */ = {isa = PBXFileReference; lastKnownFileType = folder.assetcatalog; path = Assets.xcassets; sourceTree = "<group>"; };
		8E4B01DB212118F800986215 /* Base */ = {isa = PBXFileReference; lastKnownFileType = file.storyboard; name = Base; path = Base.lproj/LaunchScreen.storyboard; sourceTree = "<group>"; };
		8E4B01DD212118F800986215 /* Info.plist */ = {isa = PBXFileReference; lastKnownFileType = text.plist.xml; path = Info.plist; sourceTree = "<group>"; };
		8E4B01E2212118F800986215 /* The DivisionTests.xctest */ = {isa = PBXFileReference; explicitFileType = wrapper.cfbundle; includeInIndex = 0; path = "The DivisionTests.xctest"; sourceTree = BUILT_PRODUCTS_DIR; };
		8E4B01E6212118F800986215 /* The_DivisionTests.swift */ = {isa = PBXFileReference; lastKnownFileType = sourcecode.swift; path = The_DivisionTests.swift; sourceTree = "<group>"; };
		8E4B01E8212118F800986215 /* Info.plist */ = {isa = PBXFileReference; lastKnownFileType = text.plist.xml; path = Info.plist; sourceTree = "<group>"; };
		8E4B01F72121228300986215 /* IntroInteractor.swift */ = {isa = PBXFileReference; lastKnownFileType = sourcecode.swift; path = IntroInteractor.swift; sourceTree = "<group>"; };
		8E4B01F82121228300986215 /* IntroPresenter.swift */ = {isa = PBXFileReference; lastKnownFileType = sourcecode.swift; path = IntroPresenter.swift; sourceTree = "<group>"; };
		8E4B01F92121228300986215 /* IntroProtocols.swift */ = {isa = PBXFileReference; lastKnownFileType = sourcecode.swift; path = IntroProtocols.swift; sourceTree = "<group>"; };
		8E4B01FA2121228300986215 /* IntroRouter.swift */ = {isa = PBXFileReference; lastKnownFileType = sourcecode.swift; path = IntroRouter.swift; sourceTree = "<group>"; };
		8E4B01FB2121228300986215 /* IntroViewController.swift */ = {isa = PBXFileReference; lastKnownFileType = sourcecode.swift; path = IntroViewController.swift; sourceTree = "<group>"; };
		8E4B0204212122EF00986215 /* IntroItemInteractor.swift */ = {isa = PBXFileReference; lastKnownFileType = sourcecode.swift; path = IntroItemInteractor.swift; sourceTree = "<group>"; };
		8E4B0205212122EF00986215 /* IntroItemPresenter.swift */ = {isa = PBXFileReference; lastKnownFileType = sourcecode.swift; path = IntroItemPresenter.swift; sourceTree = "<group>"; };
		8E4B0206212122EF00986215 /* IntroItemProtocols.swift */ = {isa = PBXFileReference; lastKnownFileType = sourcecode.swift; path = IntroItemProtocols.swift; sourceTree = "<group>"; };
		8E4B0207212122EF00986215 /* IntroItemRouter.swift */ = {isa = PBXFileReference; lastKnownFileType = sourcecode.swift; path = IntroItemRouter.swift; sourceTree = "<group>"; };
		8E4B0208212122EF00986215 /* IntroItemViewController.swift */ = {isa = PBXFileReference; lastKnownFileType = sourcecode.swift; path = IntroItemViewController.swift; sourceTree = "<group>"; };
		8E4B02132121245F00986215 /* UIApplication+AppDelegate.swift */ = {isa = PBXFileReference; lastKnownFileType = sourcecode.swift; path = "UIApplication+AppDelegate.swift"; sourceTree = "<group>"; };
		8E4B02152121251B00986215 /* AppStoryBoard.swift */ = {isa = PBXFileReference; lastKnownFileType = sourcecode.swift; path = AppStoryBoard.swift; sourceTree = "<group>"; };
		8E4B02182121289200986215 /* DataCacheManager.swift */ = {isa = PBXFileReference; lastKnownFileType = sourcecode.swift; path = DataCacheManager.swift; sourceTree = "<group>"; };
		8E4B021A2121399E00986215 /* UIView+Inspectable.swift */ = {isa = PBXFileReference; lastKnownFileType = sourcecode.swift; path = "UIView+Inspectable.swift"; sourceTree = "<group>"; };
		8E4B021C21214D5C00986215 /* UIView+Animation.swift */ = {isa = PBXFileReference; lastKnownFileType = sourcecode.swift; path = "UIView+Animation.swift"; sourceTree = "<group>"; };
		8E4B022221215CC300986215 /* LoginInteractor.swift */ = {isa = PBXFileReference; lastKnownFileType = sourcecode.swift; path = LoginInteractor.swift; sourceTree = "<group>"; };
		8E4B022321215CC300986215 /* LoginPresenter.swift */ = {isa = PBXFileReference; lastKnownFileType = sourcecode.swift; path = LoginPresenter.swift; sourceTree = "<group>"; };
		8E4B022421215CC300986215 /* LoginProtocols.swift */ = {isa = PBXFileReference; lastKnownFileType = sourcecode.swift; path = LoginProtocols.swift; sourceTree = "<group>"; };
		8E4B022521215CC300986215 /* LoginRouter.swift */ = {isa = PBXFileReference; lastKnownFileType = sourcecode.swift; path = LoginRouter.swift; sourceTree = "<group>"; };
		8E4B022621215CC300986215 /* LoginViewController.swift */ = {isa = PBXFileReference; lastKnownFileType = sourcecode.swift; path = LoginViewController.swift; sourceTree = "<group>"; };
		8E4B022F2121629200986215 /* Home.storyboard */ = {isa = PBXFileReference; lastKnownFileType = file.storyboard; path = Home.storyboard; sourceTree = "<group>"; };
		8E4B0234212173FF00986215 /* LoginDataManager.swift */ = {isa = PBXFileReference; lastKnownFileType = sourcecode.swift; path = LoginDataManager.swift; sourceTree = "<group>"; };
		8E766BC221226FED00A76E15 /* HUDUtils.swift */ = {isa = PBXFileReference; lastKnownFileType = sourcecode.swift; path = HUDUtils.swift; sourceTree = "<group>"; };
		8E766BC5212278F000A76E15 /* HomeContainerInteractor.swift */ = {isa = PBXFileReference; lastKnownFileType = sourcecode.swift; path = HomeContainerInteractor.swift; sourceTree = "<group>"; };
		8E766BC6212278F000A76E15 /* HomeContainerPresenter.swift */ = {isa = PBXFileReference; lastKnownFileType = sourcecode.swift; path = HomeContainerPresenter.swift; sourceTree = "<group>"; };
		8E766BC7212278F000A76E15 /* HomeContainerProtocols.swift */ = {isa = PBXFileReference; lastKnownFileType = sourcecode.swift; path = HomeContainerProtocols.swift; sourceTree = "<group>"; };
		8E766BC8212278F000A76E15 /* HomeContainerRouter.swift */ = {isa = PBXFileReference; lastKnownFileType = sourcecode.swift; path = HomeContainerRouter.swift; sourceTree = "<group>"; };
		8E766BC9212278F000A76E15 /* HomeContainerViewController.swift */ = {isa = PBXFileReference; lastKnownFileType = sourcecode.swift; path = HomeContainerViewController.swift; sourceTree = "<group>"; };
		8E766BD22122A09300A76E15 /* UITextField+Padding.swift */ = {isa = PBXFileReference; lastKnownFileType = sourcecode.swift; path = "UITextField+Padding.swift"; sourceTree = "<group>"; };
		E3DED75EB0F5C59FB8569053 /* Pods-The Division.debug.xcconfig */ = {isa = PBXFileReference; includeInIndex = 1; lastKnownFileType = text.xcconfig; name = "Pods-The Division.debug.xcconfig"; path = "Pods/Target Support Files/Pods-The Division/Pods-The Division.debug.xcconfig"; sourceTree = "<group>"; };
/* End PBXFileReference section */

/* Begin PBXFrameworksBuildPhase section */
		8E4B01C8212118ED00986215 /* Frameworks */ = {
			isa = PBXFrameworksBuildPhase;
			buildActionMask = 2147483647;
			files = (
				7DDB68A34FB9459E302E7AC8 /* Pods_The_Division.framework in Frameworks */,
			);
			runOnlyForDeploymentPostprocessing = 0;
		};
		8E4B01DF212118F800986215 /* Frameworks */ = {
			isa = PBXFrameworksBuildPhase;
			buildActionMask = 2147483647;
			files = (
				B0D4BA0D1D392EFF1333CB89 /* Pods_The_DivisionTests.framework in Frameworks */,
			);
			runOnlyForDeploymentPostprocessing = 0;
		};
/* End PBXFrameworksBuildPhase section */

/* Begin PBXGroup section */
		1C95A5BCB2F53A3C4308ACEB /* Frameworks */ = {
			isa = PBXGroup;
			children = (
				84365F5ACB55DDF07A888DF8 /* Pods_The_Division.framework */,
				5D5590A8F03858026C5CCCFB /* Pods_The_DivisionTests.framework */,
			);
			name = Frameworks;
			sourceTree = "<group>";
		};
		8E4B01C2212118EC00986215 = {
			isa = PBXGroup;
			children = (
				8E4B01CD212118ED00986215 /* The Division */,
				8E4B01E5212118F800986215 /* The DivisionTests */,
				8E4B01CC212118ED00986215 /* Products */,
				917E2A1108452F03C77E4384 /* Pods */,
				1C95A5BCB2F53A3C4308ACEB /* Frameworks */,
			);
			sourceTree = "<group>";
		};
		8E4B01CC212118ED00986215 /* Products */ = {
			isa = PBXGroup;
			children = (
				8E4B01CB212118ED00986215 /* The Division.app */,
				8E4B01E2212118F800986215 /* The DivisionTests.xctest */,
			);
			name = Products;
			sourceTree = "<group>";
		};
		8E4B01CD212118ED00986215 /* The Division */ = {
			isa = PBXGroup;
			children = (
				8E4B02122121243500986215 /* Extensions */,
				8E4B02112121242F00986215 /* Utils */,
				8E4B01F52121220E00986215 /* SupportFile */,
				8E4B01F4212121D500986215 /* GlobalDataManager */,
				8E4B01F32121218500986215 /* Module */,
				8E4B01CE212118ED00986215 /* AppDelegate.swift */,
				8E4B01DA212118F800986215 /* LaunchScreen.storyboard */,
				8E4B01D5212118ED00986215 /* The_Division.xcdatamodeld */,
			);
			path = "The Division";
			sourceTree = "<group>";
		};
		8E4B01E5212118F800986215 /* The DivisionTests */ = {
			isa = PBXGroup;
			children = (
				8E4B01E6212118F800986215 /* The_DivisionTests.swift */,
				8E4B01E8212118F800986215 /* Info.plist */,
			);
			path = "The DivisionTests";
			sourceTree = "<group>";
		};
		8E4B01F32121218500986215 /* Module */ = {
			isa = PBXGroup;
			children = (
				8E4B022E2121627A00986215 /* Home */,
				8E4B0210212122FF00986215 /* Main */,
			);
			path = Module;
			sourceTree = "<group>";
		};
		8E4B01F4212121D500986215 /* GlobalDataManager */ = {
			isa = PBXGroup;
			children = (
				8E4B02172121287200986215 /* Local */,
			);
			path = GlobalDataManager;
			sourceTree = "<group>";
		};
		8E4B01F52121220E00986215 /* SupportFile */ = {
			isa = PBXGroup;
			children = (
				8E4B01DD212118F800986215 /* Info.plist */,
				8E4B01D8212118F800986215 /* Assets.xcassets */,
			);
			path = SupportFile;
			sourceTree = "<group>";
		};
		8E4B01F62121227400986215 /* Intro */ = {
			isa = PBXGroup;
			children = (
				8E4B01F72121228300986215 /* IntroInteractor.swift */,
				8E4B01F82121228300986215 /* IntroPresenter.swift */,
				8E4B01F92121228300986215 /* IntroProtocols.swift */,
				8E4B01FA2121228300986215 /* IntroRouter.swift */,
				8E4B01FB2121228300986215 /* IntroViewController.swift */,
			);
			path = Intro;
			sourceTree = "<group>";
		};
		8E4B0203212122E000986215 /* IntroItem */ = {
			isa = PBXGroup;
			children = (
				8E4B0204212122EF00986215 /* IntroItemInteractor.swift */,
				8E4B0205212122EF00986215 /* IntroItemPresenter.swift */,
				8E4B0206212122EF00986215 /* IntroItemProtocols.swift */,
				8E4B0207212122EF00986215 /* IntroItemRouter.swift */,
				8E4B0208212122EF00986215 /* IntroItemViewController.swift */,
			);
			path = IntroItem;
			sourceTree = "<group>";
		};
		8E4B0210212122FF00986215 /* Main */ = {
			isa = PBXGroup;
			children = (
				8E4B01D2212118ED00986215 /* Main.storyboard */,
				8E4B022121215C9D00986215 /* Login */,
				8E4B0203212122E000986215 /* IntroItem */,
				8E4B01F62121227400986215 /* Intro */,
			);
			path = Main;
			sourceTree = "<group>";
		};
		8E4B02112121242F00986215 /* Utils */ = {
			isa = PBXGroup;
			children = (
				8E4B02152121251B00986215 /* AppStoryBoard.swift */,
				8E766BC221226FED00A76E15 /* HUDUtils.swift */,
			);
			path = Utils;
			sourceTree = "<group>";
		};
		8E4B02122121243500986215 /* Extensions */ = {
			isa = PBXGroup;
			children = (
				8E4B02132121245F00986215 /* UIApplication+AppDelegate.swift */,
				8E4B021A2121399E00986215 /* UIView+Inspectable.swift */,
				8E4B021C21214D5C00986215 /* UIView+Animation.swift */,
				8E766BD22122A09300A76E15 /* UITextField+Padding.swift */,
			);
			path = Extensions;
			sourceTree = "<group>";
		};
		8E4B02172121287200986215 /* Local */ = {
			isa = PBXGroup;
			children = (
				8E4B02182121289200986215 /* DataCacheManager.swift */,
			);
			path = Local;
			sourceTree = "<group>";
		};
		8E4B022121215C9D00986215 /* Login */ = {
			isa = PBXGroup;
			children = (
				8E4B0233212173F000986215 /* DataManager */,
				8E4B022221215CC300986215 /* LoginInteractor.swift */,
				8E4B022321215CC300986215 /* LoginPresenter.swift */,
				8E4B022421215CC300986215 /* LoginProtocols.swift */,
				8E4B022521215CC300986215 /* LoginRouter.swift */,
				8E4B022621215CC300986215 /* LoginViewController.swift */,
			);
			path = Login;
			sourceTree = "<group>";
		};
		8E4B022E2121627A00986215 /* Home */ = {
			isa = PBXGroup;
			children = (
				8E766BC4212278DA00A76E15 /* HomeContainer */,
				8E4B022F2121629200986215 /* Home.storyboard */,
			);
			path = Home;
			sourceTree = "<group>";
		};
		8E4B0233212173F000986215 /* DataManager */ = {
			isa = PBXGroup;
			children = (
				8E4B0234212173FF00986215 /* LoginDataManager.swift */,
			);
			path = DataManager;
			sourceTree = "<group>";
		};
		8E766BC4212278DA00A76E15 /* HomeContainer */ = {
			isa = PBXGroup;
			children = (
				8E766BC5212278F000A76E15 /* HomeContainerInteractor.swift */,
				8E766BC6212278F000A76E15 /* HomeContainerPresenter.swift */,
				8E766BC7212278F000A76E15 /* HomeContainerProtocols.swift */,
				8E766BC8212278F000A76E15 /* HomeContainerRouter.swift */,
				8E766BC9212278F000A76E15 /* HomeContainerViewController.swift */,
			);
			path = HomeContainer;
			sourceTree = "<group>";
		};
		917E2A1108452F03C77E4384 /* Pods */ = {
			isa = PBXGroup;
			children = (
				E3DED75EB0F5C59FB8569053 /* Pods-The Division.debug.xcconfig */,
				6C7D34AF34C3D27F6710C78F /* Pods-The Division.release.xcconfig */,
				1CDE391C3DC334103C923E79 /* Pods-The DivisionTests.debug.xcconfig */,
				40617FECB70F1FC675A30BB7 /* Pods-The DivisionTests.release.xcconfig */,
			);
			name = Pods;
			sourceTree = "<group>";
		};
/* End PBXGroup section */

/* Begin PBXNativeTarget section */
		8E4B01CA212118ED00986215 /* The Division */ = {
			isa = PBXNativeTarget;
			buildConfigurationList = 8E4B01EB212118F800986215 /* Build configuration list for PBXNativeTarget "The Division" */;
			buildPhases = (
				96BDA18C56394E5D6F27DDE6 /* [CP] Check Pods Manifest.lock */,
				8E4B01C7212118ED00986215 /* Sources */,
				8E4B01C8212118ED00986215 /* Frameworks */,
				8E4B01C9212118ED00986215 /* Resources */,
				69E88793E1152FC9374B6797 /* [CP] Embed Pods Frameworks */,
			);
			buildRules = (
			);
			dependencies = (
			);
			name = "The Division";
			productName = "The Division";
			productReference = 8E4B01CB212118ED00986215 /* The Division.app */;
			productType = "com.apple.product-type.application";
		};
		8E4B01E1212118F800986215 /* The DivisionTests */ = {
			isa = PBXNativeTarget;
			buildConfigurationList = 8E4B01EE212118F800986215 /* Build configuration list for PBXNativeTarget "The DivisionTests" */;
			buildPhases = (
				F9284DDCE6ED5E238C16E358 /* [CP] Check Pods Manifest.lock */,
				8E4B01DE212118F800986215 /* Sources */,
				8E4B01DF212118F800986215 /* Frameworks */,
				8E4B01E0212118F800986215 /* Resources */,
			);
			buildRules = (
			);
			dependencies = (
				8E4B01E4212118F800986215 /* PBXTargetDependency */,
			);
			name = "The DivisionTests";
			productName = "The DivisionTests";
			productReference = 8E4B01E2212118F800986215 /* The DivisionTests.xctest */;
			productType = "com.apple.product-type.bundle.unit-test";
		};
/* End PBXNativeTarget section */

/* Begin PBXProject section */
		8E4B01C3212118EC00986215 /* Project object */ = {
			isa = PBXProject;
			attributes = {
				LastSwiftUpdateCheck = 0940;
				LastUpgradeCheck = 0940;
				ORGANIZATIONNAME = bism;
				TargetAttributes = {
					8E4B01CA212118ED00986215 = {
						CreatedOnToolsVersion = 9.4.1;
					};
					8E4B01E1212118F800986215 = {
						CreatedOnToolsVersion = 9.4.1;
						TestTargetID = 8E4B01CA212118ED00986215;
					};
				};
			};
			buildConfigurationList = 8E4B01C6212118EC00986215 /* Build configuration list for PBXProject "The Division" */;
			compatibilityVersion = "Xcode 9.3";
			developmentRegion = en;
			hasScannedForEncodings = 0;
			knownRegions = (
				en,
				Base,
			);
			mainGroup = 8E4B01C2212118EC00986215;
			productRefGroup = 8E4B01CC212118ED00986215 /* Products */;
			projectDirPath = "";
			projectRoot = "";
			targets = (
				8E4B01CA212118ED00986215 /* The Division */,
				8E4B01E1212118F800986215 /* The DivisionTests */,
			);
		};
/* End PBXProject section */

/* Begin PBXResourcesBuildPhase section */
		8E4B01C9212118ED00986215 /* Resources */ = {
			isa = PBXResourcesBuildPhase;
			buildActionMask = 2147483647;
			files = (
				8E4B01DC212118F800986215 /* LaunchScreen.storyboard in Resources */,
				8E4B01D9212118F800986215 /* Assets.xcassets in Resources */,
				8E4B01D4212118ED00986215 /* Main.storyboard in Resources */,
				8E4B02302121629200986215 /* Home.storyboard in Resources */,
			);
			runOnlyForDeploymentPostprocessing = 0;
		};
		8E4B01E0212118F800986215 /* Resources */ = {
			isa = PBXResourcesBuildPhase;
			buildActionMask = 2147483647;
			files = (
			);
			runOnlyForDeploymentPostprocessing = 0;
		};
/* End PBXResourcesBuildPhase section */

/* Begin PBXShellScriptBuildPhase section */
		69E88793E1152FC9374B6797 /* [CP] Embed Pods Frameworks */ = {
			isa = PBXShellScriptBuildPhase;
			buildActionMask = 2147483647;
			files = (
			);
			inputPaths = (
				"${SRCROOT}/Pods/Target Support Files/Pods-The Division/Pods-The Division-frameworks.sh",
				"${BUILT_PRODUCTS_DIR}/Alamofire/Alamofire.framework",
				"${BUILT_PRODUCTS_DIR}/AlamofireImage/AlamofireImage.framework",
				"${BUILT_PRODUCTS_DIR}/PKHUD/PKHUD.framework",
				"${BUILT_PRODUCTS_DIR}/RxSwift/RxSwift.framework",
			);
			name = "[CP] Embed Pods Frameworks";
			outputPaths = (
				"${TARGET_BUILD_DIR}/${FRAMEWORKS_FOLDER_PATH}/Alamofire.framework",
				"${TARGET_BUILD_DIR}/${FRAMEWORKS_FOLDER_PATH}/AlamofireImage.framework",
				"${TARGET_BUILD_DIR}/${FRAMEWORKS_FOLDER_PATH}/PKHUD.framework",
				"${TARGET_BUILD_DIR}/${FRAMEWORKS_FOLDER_PATH}/RxSwift.framework",
			);
			runOnlyForDeploymentPostprocessing = 0;
			shellPath = /bin/sh;
			shellScript = "\"${SRCROOT}/Pods/Target Support Files/Pods-The Division/Pods-The Division-frameworks.sh\"\n";
			showEnvVarsInLog = 0;
		};
		96BDA18C56394E5D6F27DDE6 /* [CP] Check Pods Manifest.lock */ = {
			isa = PBXShellScriptBuildPhase;
			buildActionMask = 2147483647;
			files = (
			);
			inputPaths = (
				"${PODS_PODFILE_DIR_PATH}/Podfile.lock",
				"${PODS_ROOT}/Manifest.lock",
			);
			name = "[CP] Check Pods Manifest.lock";
			outputPaths = (
				"$(DERIVED_FILE_DIR)/Pods-The Division-checkManifestLockResult.txt",
			);
			runOnlyForDeploymentPostprocessing = 0;
			shellPath = /bin/sh;
			shellScript = "diff \"${PODS_PODFILE_DIR_PATH}/Podfile.lock\" \"${PODS_ROOT}/Manifest.lock\" > /dev/null\nif [ $? != 0 ] ; then\n    # print error to STDERR\n    echo \"error: The sandbox is not in sync with the Podfile.lock. Run 'pod install' or update your CocoaPods installation.\" >&2\n    exit 1\nfi\n# This output is used by Xcode 'outputs' to avoid re-running this script phase.\necho \"SUCCESS\" > \"${SCRIPT_OUTPUT_FILE_0}\"\n";
			showEnvVarsInLog = 0;
		};
		F9284DDCE6ED5E238C16E358 /* [CP] Check Pods Manifest.lock */ = {
			isa = PBXShellScriptBuildPhase;
			buildActionMask = 2147483647;
			files = (
			);
			inputPaths = (
				"${PODS_PODFILE_DIR_PATH}/Podfile.lock",
				"${PODS_ROOT}/Manifest.lock",
			);
			name = "[CP] Check Pods Manifest.lock";
			outputPaths = (
				"$(DERIVED_FILE_DIR)/Pods-The DivisionTests-checkManifestLockResult.txt",
			);
			runOnlyForDeploymentPostprocessing = 0;
			shellPath = /bin/sh;
			shellScript = "diff \"${PODS_PODFILE_DIR_PATH}/Podfile.lock\" \"${PODS_ROOT}/Manifest.lock\" > /dev/null\nif [ $? != 0 ] ; then\n    # print error to STDERR\n    echo \"error: The sandbox is not in sync with the Podfile.lock. Run 'pod install' or update your CocoaPods installation.\" >&2\n    exit 1\nfi\n# This output is used by Xcode 'outputs' to avoid re-running this script phase.\necho \"SUCCESS\" > \"${SCRIPT_OUTPUT_FILE_0}\"\n";
			showEnvVarsInLog = 0;
		};
/* End PBXShellScriptBuildPhase section */

/* Begin PBXSourcesBuildPhase section */
		8E4B01C7212118ED00986215 /* Sources */ = {
			isa = PBXSourcesBuildPhase;
			buildActionMask = 2147483647;
			files = (
				8E4B02192121289200986215 /* DataCacheManager.swift in Sources */,
				8E4B022A21215CC300986215 /* LoginProtocols.swift in Sources */,
				8E766BCC212278F000A76E15 /* HomeContainerPresenter.swift in Sources */,
				8E4B021B2121399E00986215 /* UIView+Inspectable.swift in Sources */,
				8E4B020D212122EF00986215 /* IntroItemRouter.swift in Sources */,
				8E766BC321226FED00A76E15 /* HUDUtils.swift in Sources */,
				8E4B01FF2121228300986215 /* IntroProtocols.swift in Sources */,
				8E4B022B21215CC300986215 /* LoginRouter.swift in Sources */,
				8E4B0235212173FF00986215 /* LoginDataManager.swift in Sources */,
				8E766BCB212278F000A76E15 /* HomeContainerInteractor.swift in Sources */,
				8E4B022921215CC300986215 /* LoginPresenter.swift in Sources */,
				8E766BCD212278F000A76E15 /* HomeContainerProtocols.swift in Sources */,
				8E4B020E212122EF00986215 /* IntroItemViewController.swift in Sources */,
				8E4B02142121245F00986215 /* UIApplication+AppDelegate.swift in Sources */,
				8E4B02162121251B00986215 /* AppStoryBoard.swift in Sources */,
				8E4B022C21215CC300986215 /* LoginViewController.swift in Sources */,
				8E766BCF212278F000A76E15 /* HomeContainerViewController.swift in Sources */,
				8E4B02002121228300986215 /* IntroRouter.swift in Sources */,
				8E4B022821215CC300986215 /* LoginInteractor.swift in Sources */,
				8E4B020A212122EF00986215 /* IntroItemInteractor.swift in Sources */,
				8E4B020B212122EF00986215 /* IntroItemPresenter.swift in Sources */,
				8E4B01CF212118ED00986215 /* AppDelegate.swift in Sources */,
				8E4B01D7212118ED00986215 /* The_Division.xcdatamodeld in Sources */,
				8E4B021D21214D5C00986215 /* UIView+Animation.swift in Sources */,
				8E766BCE212278F000A76E15 /* HomeContainerRouter.swift in Sources */,
				8E4B01FD2121228300986215 /* IntroInteractor.swift in Sources */,
				8E4B020C212122EF00986215 /* IntroItemProtocols.swift in Sources */,
				8E766BD32122A09300A76E15 /* UITextField+Padding.swift in Sources */,
				8E4B01FE2121228300986215 /* IntroPresenter.swift in Sources */,
				8E4B02012121228300986215 /* IntroViewController.swift in Sources */,
			);
			runOnlyForDeploymentPostprocessing = 0;
		};
		8E4B01DE212118F800986215 /* Sources */ = {
			isa = PBXSourcesBuildPhase;
			buildActionMask = 2147483647;
			files = (
				8E4B01E7212118F800986215 /* The_DivisionTests.swift in Sources */,
			);
			runOnlyForDeploymentPostprocessing = 0;
		};
/* End PBXSourcesBuildPhase section */

/* Begin PBXTargetDependency section */
		8E4B01E4212118F800986215 /* PBXTargetDependency */ = {
			isa = PBXTargetDependency;
			target = 8E4B01CA212118ED00986215 /* The Division */;
			targetProxy = 8E4B01E3212118F800986215 /* PBXContainerItemProxy */;
		};
/* End PBXTargetDependency section */

/* Begin PBXVariantGroup section */
		8E4B01D2212118ED00986215 /* Main.storyboard */ = {
			isa = PBXVariantGroup;
			children = (
				8E4B01D3212118ED00986215 /* Base */,
			);
			name = Main.storyboard;
			sourceTree = "<group>";
		};
		8E4B01DA212118F800986215 /* LaunchScreen.storyboard */ = {
			isa = PBXVariantGroup;
			children = (
				8E4B01DB212118F800986215 /* Base */,
			);
			name = LaunchScreen.storyboard;
			sourceTree = "<group>";
		};
/* End PBXVariantGroup section */

/* Begin XCBuildConfiguration section */
		8E4B01E9212118F800986215 /* Debug */ = {
			isa = XCBuildConfiguration;
			buildSettings = {
				ALWAYS_SEARCH_USER_PATHS = NO;
				CLANG_ANALYZER_NONNULL = YES;
				CLANG_ANALYZER_NUMBER_OBJECT_CONVERSION = YES_AGGRESSIVE;
				CLANG_CXX_LANGUAGE_STANDARD = "gnu++14";
				CLANG_CXX_LIBRARY = "libc++";
				CLANG_ENABLE_MODULES = YES;
				CLANG_ENABLE_OBJC_ARC = YES;
				CLANG_ENABLE_OBJC_WEAK = YES;
				CLANG_WARN_BLOCK_CAPTURE_AUTORELEASING = YES;
				CLANG_WARN_BOOL_CONVERSION = YES;
				CLANG_WARN_COMMA = YES;
				CLANG_WARN_CONSTANT_CONVERSION = YES;
				CLANG_WARN_DEPRECATED_OBJC_IMPLEMENTATIONS = YES;
				CLANG_WARN_DIRECT_OBJC_ISA_USAGE = YES_ERROR;
				CLANG_WARN_DOCUMENTATION_COMMENTS = YES;
				CLANG_WARN_EMPTY_BODY = YES;
				CLANG_WARN_ENUM_CONVERSION = YES;
				CLANG_WARN_INFINITE_RECURSION = YES;
				CLANG_WARN_INT_CONVERSION = YES;
				CLANG_WARN_NON_LITERAL_NULL_CONVERSION = YES;
				CLANG_WARN_OBJC_IMPLICIT_RETAIN_SELF = YES;
				CLANG_WARN_OBJC_LITERAL_CONVERSION = YES;
				CLANG_WARN_OBJC_ROOT_CLASS = YES_ERROR;
				CLANG_WARN_RANGE_LOOP_ANALYSIS = YES;
				CLANG_WARN_STRICT_PROTOTYPES = YES;
				CLANG_WARN_SUSPICIOUS_MOVE = YES;
				CLANG_WARN_UNGUARDED_AVAILABILITY = YES_AGGRESSIVE;
				CLANG_WARN_UNREACHABLE_CODE = YES;
				CLANG_WARN__DUPLICATE_METHOD_MATCH = YES;
				CODE_SIGN_IDENTITY = "iPhone Developer";
				COPY_PHASE_STRIP = NO;
				DEBUG_INFORMATION_FORMAT = dwarf;
				ENABLE_STRICT_OBJC_MSGSEND = YES;
				ENABLE_TESTABILITY = YES;
				GCC_C_LANGUAGE_STANDARD = gnu11;
				GCC_DYNAMIC_NO_PIC = NO;
				GCC_NO_COMMON_BLOCKS = YES;
				GCC_OPTIMIZATION_LEVEL = 0;
				GCC_PREPROCESSOR_DEFINITIONS = (
					"DEBUG=1",
					"$(inherited)",
				);
				GCC_WARN_64_TO_32_BIT_CONVERSION = YES;
				GCC_WARN_ABOUT_RETURN_TYPE = YES_ERROR;
				GCC_WARN_UNDECLARED_SELECTOR = YES;
				GCC_WARN_UNINITIALIZED_AUTOS = YES_AGGRESSIVE;
				GCC_WARN_UNUSED_FUNCTION = YES;
				GCC_WARN_UNUSED_VARIABLE = YES;
				IPHONEOS_DEPLOYMENT_TARGET = 11.4;
				MTL_ENABLE_DEBUG_INFO = YES;
				ONLY_ACTIVE_ARCH = YES;
				SDKROOT = iphoneos;
				SWIFT_ACTIVE_COMPILATION_CONDITIONS = DEBUG;
				SWIFT_OPTIMIZATION_LEVEL = "-Onone";
			};
			name = Debug;
		};
		8E4B01EA212118F800986215 /* Release */ = {
			isa = XCBuildConfiguration;
			buildSettings = {
				ALWAYS_SEARCH_USER_PATHS = NO;
				CLANG_ANALYZER_NONNULL = YES;
				CLANG_ANALYZER_NUMBER_OBJECT_CONVERSION = YES_AGGRESSIVE;
				CLANG_CXX_LANGUAGE_STANDARD = "gnu++14";
				CLANG_CXX_LIBRARY = "libc++";
				CLANG_ENABLE_MODULES = YES;
				CLANG_ENABLE_OBJC_ARC = YES;
				CLANG_ENABLE_OBJC_WEAK = YES;
				CLANG_WARN_BLOCK_CAPTURE_AUTORELEASING = YES;
				CLANG_WARN_BOOL_CONVERSION = YES;
				CLANG_WARN_COMMA = YES;
				CLANG_WARN_CONSTANT_CONVERSION = YES;
				CLANG_WARN_DEPRECATED_OBJC_IMPLEMENTATIONS = YES;
				CLANG_WARN_DIRECT_OBJC_ISA_USAGE = YES_ERROR;
				CLANG_WARN_DOCUMENTATION_COMMENTS = YES;
				CLANG_WARN_EMPTY_BODY = YES;
				CLANG_WARN_ENUM_CONVERSION = YES;
				CLANG_WARN_INFINITE_RECURSION = YES;
				CLANG_WARN_INT_CONVERSION = YES;
				CLANG_WARN_NON_LITERAL_NULL_CONVERSION = YES;
				CLANG_WARN_OBJC_IMPLICIT_RETAIN_SELF = YES;
				CLANG_WARN_OBJC_LITERAL_CONVERSION = YES;
				CLANG_WARN_OBJC_ROOT_CLASS = YES_ERROR;
				CLANG_WARN_RANGE_LOOP_ANALYSIS = YES;
				CLANG_WARN_STRICT_PROTOTYPES = YES;
				CLANG_WARN_SUSPICIOUS_MOVE = YES;
				CLANG_WARN_UNGUARDED_AVAILABILITY = YES_AGGRESSIVE;
				CLANG_WARN_UNREACHABLE_CODE = YES;
				CLANG_WARN__DUPLICATE_METHOD_MATCH = YES;
				CODE_SIGN_IDENTITY = "iPhone Developer";
				COPY_PHASE_STRIP = NO;
				DEBUG_INFORMATION_FORMAT = "dwarf-with-dsym";
				ENABLE_NS_ASSERTIONS = NO;
				ENABLE_STRICT_OBJC_MSGSEND = YES;
				GCC_C_LANGUAGE_STANDARD = gnu11;
				GCC_NO_COMMON_BLOCKS = YES;
				GCC_WARN_64_TO_32_BIT_CONVERSION = YES;
				GCC_WARN_ABOUT_RETURN_TYPE = YES_ERROR;
				GCC_WARN_UNDECLARED_SELECTOR = YES;
				GCC_WARN_UNINITIALIZED_AUTOS = YES_AGGRESSIVE;
				GCC_WARN_UNUSED_FUNCTION = YES;
				GCC_WARN_UNUSED_VARIABLE = YES;
				IPHONEOS_DEPLOYMENT_TARGET = 11.4;
				MTL_ENABLE_DEBUG_INFO = NO;
				SDKROOT = iphoneos;
				SWIFT_COMPILATION_MODE = wholemodule;
				SWIFT_OPTIMIZATION_LEVEL = "-O";
				VALIDATE_PRODUCT = YES;
			};
			name = Release;
		};
		8E4B01EC212118F800986215 /* Debug */ = {
			isa = XCBuildConfiguration;
			baseConfigurationReference = E3DED75EB0F5C59FB8569053 /* Pods-The Division.debug.xcconfig */;
			buildSettings = {
				ASSETCATALOG_COMPILER_APPICON_NAME = AppIcon;
				CODE_SIGN_STYLE = Automatic;
				INFOPLIST_FILE = "$(SRCROOT)/The Division/SupportFile/Info.plist";
				LD_RUNPATH_SEARCH_PATHS = (
					"$(inherited)",
					"@executable_path/Frameworks",
				);
				PRODUCT_BUNDLE_IDENTIFIER = "com.excercise.The-Division";
				PRODUCT_NAME = "$(TARGET_NAME)";
				SWIFT_VERSION = 4.0;
				TARGETED_DEVICE_FAMILY = "1,2";
			};
			name = Debug;
		};
		8E4B01ED212118F800986215 /* Release */ = {
			isa = XCBuildConfiguration;
			baseConfigurationReference = 6C7D34AF34C3D27F6710C78F /* Pods-The Division.release.xcconfig */;
			buildSettings = {
				ASSETCATALOG_COMPILER_APPICON_NAME = AppIcon;
				CODE_SIGN_STYLE = Automatic;
				INFOPLIST_FILE = "$(SRCROOT)/The Division/SupportFile/Info.plist";
				LD_RUNPATH_SEARCH_PATHS = (
					"$(inherited)",
					"@executable_path/Frameworks",
				);
				PRODUCT_BUNDLE_IDENTIFIER = "com.excercise.The-Division";
				PRODUCT_NAME = "$(TARGET_NAME)";
				SWIFT_VERSION = 4.0;
				TARGETED_DEVICE_FAMILY = "1,2";
			};
			name = Release;
		};
		8E4B01EF212118F800986215 /* Debug */ = {
			isa = XCBuildConfiguration;
			baseConfigurationReference = 1CDE391C3DC334103C923E79 /* Pods-The DivisionTests.debug.xcconfig */;
			buildSettings = {
				ALWAYS_EMBED_SWIFT_STANDARD_LIBRARIES = YES;
				BUNDLE_LOADER = "$(TEST_HOST)";
				CODE_SIGN_STYLE = Automatic;
				INFOPLIST_FILE = "The DivisionTests/Info.plist";
				LD_RUNPATH_SEARCH_PATHS = (
					"$(inherited)",
					"@executable_path/Frameworks",
					"@loader_path/Frameworks",
				);
				PRODUCT_BUNDLE_IDENTIFIER = "com.excercise.The-DivisionTests";
				PRODUCT_NAME = "$(TARGET_NAME)";
				SWIFT_VERSION = 4.0;
				TARGETED_DEVICE_FAMILY = "1,2";
				TEST_HOST = "$(BUILT_PRODUCTS_DIR)/The Division.app/The Division";
			};
			name = Debug;
		};
		8E4B01F0212118F800986215 /* Release */ = {
			isa = XCBuildConfiguration;
			baseConfigurationReference = 40617FECB70F1FC675A30BB7 /* Pods-The DivisionTests.release.xcconfig */;
			buildSettings = {
				ALWAYS_EMBED_SWIFT_STANDARD_LIBRARIES = YES;
				BUNDLE_LOADER = "$(TEST_HOST)";
				CODE_SIGN_STYLE = Automatic;
				INFOPLIST_FILE = "The DivisionTests/Info.plist";
				LD_RUNPATH_SEARCH_PATHS = (
					"$(inherited)",
					"@executable_path/Frameworks",
					"@loader_path/Frameworks",
				);
				PRODUCT_BUNDLE_IDENTIFIER = "com.excercise.The-DivisionTests";
				PRODUCT_NAME = "$(TARGET_NAME)";
				SWIFT_VERSION = 4.0;
				TARGETED_DEVICE_FAMILY = "1,2";
				TEST_HOST = "$(BUILT_PRODUCTS_DIR)/The Division.app/The Division";
			};
			name = Release;
		};
/* End XCBuildConfiguration section */

/* Begin XCConfigurationList section */
		8E4B01C6212118EC00986215 /* Build configuration list for PBXProject "The Division" */ = {
			isa = XCConfigurationList;
			buildConfigurations = (
				8E4B01E9212118F800986215 /* Debug */,
				8E4B01EA212118F800986215 /* Release */,
			);
			defaultConfigurationIsVisible = 0;
			defaultConfigurationName = Release;
		};
		8E4B01EB212118F800986215 /* Build configuration list for PBXNativeTarget "The Division" */ = {
			isa = XCConfigurationList;
			buildConfigurations = (
				8E4B01EC212118F800986215 /* Debug */,
				8E4B01ED212118F800986215 /* Release */,
			);
			defaultConfigurationIsVisible = 0;
			defaultConfigurationName = Release;
		};
		8E4B01EE212118F800986215 /* Build configuration list for PBXNativeTarget "The DivisionTests" */ = {
			isa = XCConfigurationList;
			buildConfigurations = (
				8E4B01EF212118F800986215 /* Debug */,
				8E4B01F0212118F800986215 /* Release */,
			);
			defaultConfigurationIsVisible = 0;
			defaultConfigurationName = Release;
		};
/* End XCConfigurationList section */

/* Begin XCVersionGroup section */
		8E4B01D5212118ED00986215 /* The_Division.xcdatamodeld */ = {
			isa = XCVersionGroup;
			children = (
				8E4B01D6212118ED00986215 /* The_Division.xcdatamodel */,
			);
			currentVersion = 8E4B01D6212118ED00986215 /* The_Division.xcdatamodel */;
			path = The_Division.xcdatamodeld;
			sourceTree = "<group>";
			versionGroupType = wrapper.xcdatamodel;
		};
/* End XCVersionGroup section */
	};
	rootObject = 8E4B01C3212118EC00986215 /* Project object */;
}
