// !$*UTF8*$!
{
	archiveVersion = 1;
	classes = {
	};
	objectVersion = 50;
	objects = {

/* Begin PBXBuildFile section */
		8E4B01CF212118ED00986215 /* AppDelegate.swift in Sources */ = {isa = PBXBuildFile; fileRef = 8E4B01CE212118ED00986215 /* AppDelegate.swift */; };
		8E4B01D1212118ED00986215 /* ViewController.swift in Sources */ = {isa = PBXBuildFile; fileRef = 8E4B01D0212118ED00986215 /* ViewController.swift */; };
		8E4B01D4212118ED00986215 /* Main.storyboard in Resources */ = {isa = PBXBuildFile; fileRef = 8E4B01D2212118ED00986215 /* Main.storyboard */; };
		8E4B01D7212118ED00986215 /* The_Division.xcdatamodeld in Sources */ = {isa = PBXBuildFile; fileRef = 8E4B01D5212118ED00986215 /* The_Division.xcdatamodeld */; };
		8E4B01D9212118F800986215 /* Assets.xcassets in Resources */ = {isa = PBXBuildFile; fileRef = 8E4B01D8212118F800986215 /* Assets.xcassets */; };
		8E4B01DC212118F800986215 /* LaunchScreen.storyboard in Resources */ = {isa = PBXBuildFile; fileRef = 8E4B01DA212118F800986215 /* LaunchScreen.storyboard */; };
		8E4B01E7212118F800986215 /* The_DivisionTests.swift in Sources */ = {isa = PBXBuildFile; fileRef = 8E4B01E6212118F800986215 /* The_DivisionTests.swift */; };
/* End PBXBuildFile section */

/* Begin PBXContainerItemProxy section */
		8E4B01E3212118F800986215 /* PBXContainerItemProxy */ = {
			isa = PBXContainerItemProxy;
			containerPortal = 8E4B01C3212118EC00986215 /* Project object */;
			proxyType = 1;
			remoteGlobalIDString = 8E4B01CA212118ED00986215;
			remoteInfo = "The Division";
		};
/* End PBXContainerItemProxy section */

/* Begin PBXFileReference section */
		8E4B01CB212118ED00986215 /* The Division.app */ = {isa = PBXFileReference; explicitFileType = wrapper.application; includeInIndex = 0; path = "The Division.app"; sourceTree = BUILT_PRODUCTS_DIR; };
		8E4B01CE212118ED00986215 /* AppDelegate.swift */ = {isa = PBXFileReference; lastKnownFileType = sourcecode.swift; path = AppDelegate.swift; sourceTree = "<group>"; };
		8E4B01D0212118ED00986215 /* ViewController.swift */ = {isa = PBXFileReference; lastKnownFileType = sourcecode.swift; path = ViewController.swift; sourceTree = "<group>"; };
		8E4B01D3212118ED00986215 /* Base */ = {isa = PBXFileReference; lastKnownFileType = file.storyboard; name = Base; path = Base.lproj/Main.storyboard; sourceTree = "<group>"; };
		8E4B01D6212118ED00986215 /* The_Division.xcdatamodel */ = {isa = PBXFileReference; lastKnownFileType = wrapper.xcdatamodel; path = The_Division.xcdatamodel; sourceTree = "<group>"; };
		8E4B01D8212118F800986215 /* Assets.xcassets */ = {isa = PBXFileReference; lastKnownFileType = folder.assetcatalog; path = Assets.xcassets; sourceTree = "<group>"; };
		8E4B01DB212118F800986215 /* Base */ = {isa = PBXFileReference; lastKnownFileType = file.storyboard; name = Base; path = Base.lproj/LaunchScreen.storyboard; sourceTree = "<group>"; };
		8E4B01DD212118F800986215 /* Info.plist */ = {isa = PBXFileReference; lastKnownFileType = text.plist.xml; path = Info.plist; sourceTree = "<group>"; };
		8E4B01E2212118F800986215 /* The DivisionTests.xctest */ = {isa = PBXFileReference; explicitFileType = wrapper.cfbundle; includeInIndex = 0; path = "The DivisionTests.xctest"; sourceTree = BUILT_PRODUCTS_DIR; };
		8E4B01E6212118F800986215 /* The_DivisionTests.swift */ = {isa = PBXFileReference; lastKnownFileType = sourcecode.swift; path = The_DivisionTests.swift; sourceTree = "<group>"; };
		8E4B01E8212118F800986215 /* Info.plist */ = {isa = PBXFileReference; lastKnownFileType = text.plist.xml; path = Info.plist; sourceTree = "<group>"; };
/* End PBXFileReference section */

/* Begin PBXFrameworksBuildPhase section */
		8E4B01C8212118ED00986215 /* Frameworks */ = {
			isa = PBXFrameworksBuildPhase;
			buildActionMask = 2147483647;
			files = (
			);
			runOnlyForDeploymentPostprocessing = 0;
		};
		8E4B01DF212118F800986215 /* Frameworks */ = {
			isa = PBXFrameworksBuildPhase;
			buildActionMask = 2147483647;
			files = (
			);
			runOnlyForDeploymentPostprocessing = 0;
		};
/* End PBXFrameworksBuildPhase section */

/* Begin PBXGroup section */
		8E4B01C2212118EC00986215 = {
			isa = PBXGroup;
			children = (
				8E4B01CD212118ED00986215 /* The Division */,
				8E4B01E5212118F800986215 /* The DivisionTests */,
				8E4B01CC212118ED00986215 /* Products */,
			);
			sourceTree = "<group>";
		};
		8E4B01CC212118ED00986215 /* Products */ = {
			isa = PBXGroup;
			children = (
				8E4B01CB212118ED00986215 /* The Division.app */,
				8E4B01E2212118F800986215 /* The DivisionTests.xctest */,
			);
			name = Products;
			sourceTree = "<group>";
		};
		8E4B01CD212118ED00986215 /* The Division */ = {
			isa = PBXGroup;
			children = (
				8E4B01CE212118ED00986215 /* AppDelegate.swift */,
				8E4B01D0212118ED00986215 /* ViewController.swift */,
				8E4B01D2212118ED00986215 /* Main.storyboard */,
				8E4B01D8212118F800986215 /* Assets.xcassets */,
				8E4B01DA212118F800986215 /* LaunchScreen.storyboard */,
				8E4B01DD212118F800986215 /* Info.plist */,
				8E4B01D5212118ED00986215 /* The_Division.xcdatamodeld */,
			);
			path = "The Division";
			sourceTree = "<group>";
		};
		8E4B01E5212118F800986215 /* The DivisionTests */ = {
			isa = PBXGroup;
			children = (
				8E4B01E6212118F800986215 /* The_DivisionTests.swift */,
				8E4B01E8212118F800986215 /* Info.plist */,
			);
			path = "The DivisionTests";
			sourceTree = "<group>";
		};
/* End PBXGroup section */

/* Begin PBXNativeTarget section */
		8E4B01CA212118ED00986215 /* The Division */ = {
			isa = PBXNativeTarget;
			buildConfigurationList = 8E4B01EB212118F800986215 /* Build configuration list for PBXNativeTarget "The Division" */;
			buildPhases = (
				8E4B01C7212118ED00986215 /* Sources */,
				8E4B01C8212118ED00986215 /* Frameworks */,
				8E4B01C9212118ED00986215 /* Resources */,
			);
			buildRules = (
			);
			dependencies = (
			);
			name = "The Division";
			productName = "The Division";
			productReference = 8E4B01CB212118ED00986215 /* The Division.app */;
			productType = "com.apple.product-type.application";
		};
		8E4B01E1212118F800986215 /* The DivisionTests */ = {
			isa = PBXNativeTarget;
			buildConfigurationList = 8E4B01EE212118F800986215 /* Build configuration list for PBXNativeTarget "The DivisionTests" */;
			buildPhases = (
				8E4B01DE212118F800986215 /* Sources */,
				8E4B01DF212118F800986215 /* Frameworks */,
				8E4B01E0212118F800986215 /* Resources */,
			);
			buildRules = (
			);
			dependencies = (
				8E4B01E4212118F800986215 /* PBXTargetDependency */,
			);
			name = "The DivisionTests";
			productName = "The DivisionTests";
			productReference = 8E4B01E2212118F800986215 /* The DivisionTests.xctest */;
			productType = "com.apple.product-type.bundle.unit-test";
		};
/* End PBXNativeTarget section */

/* Begin PBXProject section */
		8E4B01C3212118EC00986215 /* Project object */ = {
			isa = PBXProject;
			attributes = {
				LastSwiftUpdateCheck = 0940;
				LastUpgradeCheck = 0940;
				ORGANIZATIONNAME = bism;
				TargetAttributes = {
					8E4B01CA212118ED00986215 = {
						CreatedOnToolsVersion = 9.4.1;
					};
					8E4B01E1212118F800986215 = {
						CreatedOnToolsVersion = 9.4.1;
						TestTargetID = 8E4B01CA212118ED00986215;
					};
				};
			};
			buildConfigurationList = 8E4B01C6212118EC00986215 /* Build configuration list for PBXProject "The Division" */;
			compatibilityVersion = "Xcode 9.3";
			developmentRegion = en;
			hasScannedForEncodings = 0;
			knownRegions = (
				en,
				Base,
			);
			mainGroup = 8E4B01C2212118EC00986215;
			productRefGroup = 8E4B01CC212118ED00986215 /* Products */;
			projectDirPath = "";
			projectRoot = "";
			targets = (
				8E4B01CA212118ED00986215 /* The Division */,
				8E4B01E1212118F800986215 /* The DivisionTests */,
			);
		};
/* End PBXProject section */

/* Begin PBXResourcesBuildPhase section */
		8E4B01C9212118ED00986215 /* Resources */ = {
			isa = PBXResourcesBuildPhase;
			buildActionMask = 2147483647;
			files = (
				8E4B01DC212118F800986215 /* LaunchScreen.storyboard in Resources */,
				8E4B01D9212118F800986215 /* Assets.xcassets in Resources */,
				8E4B01D4212118ED00986215 /* Main.storyboard in Resources */,
			);
			runOnlyForDeploymentPostprocessing = 0;
		};
		8E4B01E0212118F800986215 /* Resources */ = {
			isa = PBXResourcesBuildPhase;
			buildActionMask = 2147483647;
			files = (
			);
			runOnlyForDeploymentPostprocessing = 0;
		};
/* End PBXResourcesBuildPhase section */

/* Begin PBXSourcesBuildPhase section */
		8E4B01C7212118ED00986215 /* Sources */ = {
			isa = PBXSourcesBuildPhase;
			buildActionMask = 2147483647;
			files = (
				8E4B01D1212118ED00986215 /* ViewController.swift in Sources */,
				8E4B01CF212118ED00986215 /* AppDelegate.swift in Sources */,
				8E4B01D7212118ED00986215 /* The_Division.xcdatamodeld in Sources */,
			);
			runOnlyForDeploymentPostprocessing = 0;
		};
		8E4B01DE212118F800986215 /* Sources */ = {
			isa = PBXSourcesBuildPhase;
			buildActionMask = 2147483647;
			files = (
				8E4B01E7212118F800986215 /* The_DivisionTests.swift in Sources */,
			);
			runOnlyForDeploymentPostprocessing = 0;
		};
/* End PBXSourcesBuildPhase section */

/* Begin PBXTargetDependency section */
		8E4B01E4212118F800986215 /* PBXTargetDependency */ = {
			isa = PBXTargetDependency;
			target = 8E4B01CA212118ED00986215 /* The Division */;
			targetProxy = 8E4B01E3212118F800986215 /* PBXContainerItemProxy */;
		};
/* End PBXTargetDependency section */

/* Begin PBXVariantGroup section */
		8E4B01D2212118ED00986215 /* Main.storyboard */ = {
			isa = PBXVariantGroup;
			children = (
				8E4B01D3212118ED00986215 /* Base */,
			);
			name = Main.storyboard;
			sourceTree = "<group>";
		};
		8E4B01DA212118F800986215 /* LaunchScreen.storyboard */ = {
			isa = PBXVariantGroup;
			children = (
				8E4B01DB212118F800986215 /* Base */,
			);
			name = LaunchScreen.storyboard;
			sourceTree = "<group>";
		};
/* End PBXVariantGroup section */

/* Begin XCBuildConfiguration section */
		8E4B01E9212118F800986215 /* Debug */ = {
			isa = XCBuildConfiguration;
			buildSettings = {
				ALWAYS_SEARCH_USER_PATHS = NO;
				CLANG_ANALYZER_NONNULL = YES;
				CLANG_ANALYZER_NUMBER_OBJECT_CONVERSION = YES_AGGRESSIVE;
				CLANG_CXX_LANGUAGE_STANDARD = "gnu++14";
				CLANG_CXX_LIBRARY = "libc++";
				CLANG_ENABLE_MODULES = YES;
				CLANG_ENABLE_OBJC_ARC = YES;
				CLANG_ENABLE_OBJC_WEAK = YES;
				CLANG_WARN_BLOCK_CAPTURE_AUTORELEASING = YES;
				CLANG_WARN_BOOL_CONVERSION = YES;
				CLANG_WARN_COMMA = YES;
				CLANG_WARN_CONSTANT_CONVERSION = YES;
				CLANG_WARN_DEPRECATED_OBJC_IMPLEMENTATIONS = YES;
				CLANG_WARN_DIRECT_OBJC_ISA_USAGE = YES_ERROR;
				CLANG_WARN_DOCUMENTATION_COMMENTS = YES;
				CLANG_WARN_EMPTY_BODY = YES;
				CLANG_WARN_ENUM_CONVERSION = YES;
				CLANG_WARN_INFINITE_RECURSION = YES;
				CLANG_WARN_INT_CONVERSION = YES;
				CLANG_WARN_NON_LITERAL_NULL_CONVERSION = YES;
				CLANG_WARN_OBJC_IMPLICIT_RETAIN_SELF = YES;
				CLANG_WARN_OBJC_LITERAL_CONVERSION = YES;
				CLANG_WARN_OBJC_ROOT_CLASS = YES_ERROR;
				CLANG_WARN_RANGE_LOOP_ANALYSIS = YES;
				CLANG_WARN_STRICT_PROTOTYPES = YES;
				CLANG_WARN_SUSPICIOUS_MOVE = YES;
				CLANG_WARN_UNGUARDED_AVAILABILITY = YES_AGGRESSIVE;
				CLANG_WARN_UNREACHABLE_CODE = YES;
				CLANG_WARN__DUPLICATE_METHOD_MATCH = YES;
				CODE_SIGN_IDENTITY = "iPhone Developer";
				COPY_PHASE_STRIP = NO;
				DEBUG_INFORMATION_FORMAT = dwarf;
				ENABLE_STRICT_OBJC_MSGSEND = YES;
				ENABLE_TESTABILITY = YES;
				GCC_C_LANGUAGE_STANDARD = gnu11;
				GCC_DYNAMIC_NO_PIC = NO;
				GCC_NO_COMMON_BLOCKS = YES;
				GCC_OPTIMIZATION_LEVEL = 0;
				GCC_PREPROCESSOR_DEFINITIONS = (
					"DEBUG=1",
					"$(inherited)",
				);
				GCC_WARN_64_TO_32_BIT_CONVERSION = YES;
				GCC_WARN_ABOUT_RETURN_TYPE = YES_ERROR;
				GCC_WARN_UNDECLARED_SELECTOR = YES;
				GCC_WARN_UNINITIALIZED_AUTOS = YES_AGGRESSIVE;
				GCC_WARN_UNUSED_FUNCTION = YES;
				GCC_WARN_UNUSED_VARIABLE = YES;
				IPHONEOS_DEPLOYMENT_TARGET = 11.4;
				MTL_ENABLE_DEBUG_INFO = YES;
				ONLY_ACTIVE_ARCH = YES;
				SDKROOT = iphoneos;
				SWIFT_ACTIVE_COMPILATION_CONDITIONS = DEBUG;
				SWIFT_OPTIMIZATION_LEVEL = "-Onone";
			};
			name = Debug;
		};
		8E4B01EA212118F800986215 /* Release */ = {
			isa = XCBuildConfiguration;
			buildSettings = {
				ALWAYS_SEARCH_USER_PATHS = NO;
				CLANG_ANALYZER_NONNULL = YES;
				CLANG_ANALYZER_NUMBER_OBJECT_CONVERSION = YES_AGGRESSIVE;
				CLANG_CXX_LANGUAGE_STANDARD = "gnu++14";
				CLANG_CXX_LIBRARY = "libc++";
				CLANG_ENABLE_MODULES = YES;
				CLANG_ENABLE_OBJC_ARC = YES;
				CLANG_ENABLE_OBJC_WEAK = YES;
				CLANG_WARN_BLOCK_CAPTURE_AUTORELEASING = YES;
				CLANG_WARN_BOOL_CONVERSION = YES;
				CLANG_WARN_COMMA = YES;
				CLANG_WARN_CONSTANT_CONVERSION = YES;
				CLANG_WARN_DEPRECATED_OBJC_IMPLEMENTATIONS = YES;
				CLANG_WARN_DIRECT_OBJC_ISA_USAGE = YES_ERROR;
				CLANG_WARN_DOCUMENTATION_COMMENTS = YES;
				CLANG_WARN_EMPTY_BODY = YES;
				CLANG_WARN_ENUM_CONVERSION = YES;
				CLANG_WARN_INFINITE_RECURSION = YES;
				CLANG_WARN_INT_CONVERSION = YES;
				CLANG_WARN_NON_LITERAL_NULL_CONVERSION = YES;
				CLANG_WARN_OBJC_IMPLICIT_RETAIN_SELF = YES;
				CLANG_WARN_OBJC_LITERAL_CONVERSION = YES;
				CLANG_WARN_OBJC_ROOT_CLASS = YES_ERROR;
				CLANG_WARN_RANGE_LOOP_ANALYSIS = YES;
				CLANG_WARN_STRICT_PROTOTYPES = YES;
				CLANG_WARN_SUSPICIOUS_MOVE = YES;
				CLANG_WARN_UNGUARDED_AVAILABILITY = YES_AGGRESSIVE;
				CLANG_WARN_UNREACHABLE_CODE = YES;
				CLANG_WARN__DUPLICATE_METHOD_MATCH = YES;
				CODE_SIGN_IDENTITY = "iPhone Developer";
				COPY_PHASE_STRIP = NO;
				DEBUG_INFORMATION_FORMAT = "dwarf-with-dsym";
				ENABLE_NS_ASSERTIONS = NO;
				ENABLE_STRICT_OBJC_MSGSEND = YES;
				GCC_C_LANGUAGE_STANDARD = gnu11;
				GCC_NO_COMMON_BLOCKS = YES;
				GCC_WARN_64_TO_32_BIT_CONVERSION = YES;
				GCC_WARN_ABOUT_RETURN_TYPE = YES_ERROR;
				GCC_WARN_UNDECLARED_SELECTOR = YES;
				GCC_WARN_UNINITIALIZED_AUTOS = YES_AGGRESSIVE;
				GCC_WARN_UNUSED_FUNCTION = YES;
				GCC_WARN_UNUSED_VARIABLE = YES;
				IPHONEOS_DEPLOYMENT_TARGET = 11.4;
				MTL_ENABLE_DEBUG_INFO = NO;
				SDKROOT = iphoneos;
				SWIFT_COMPILATION_MODE = wholemodule;
				SWIFT_OPTIMIZATION_LEVEL = "-O";
				VALIDATE_PRODUCT = YES;
			};
			name = Release;
		};
		8E4B01EC212118F800986215 /* Debug */ = {
			isa = XCBuildConfiguration;
			buildSettings = {
				ASSETCATALOG_COMPILER_APPICON_NAME = AppIcon;
				CODE_SIGN_STYLE = Automatic;
				INFOPLIST_FILE = "The Division/Info.plist";
				LD_RUNPATH_SEARCH_PATHS = (
					"$(inherited)",
					"@executable_path/Frameworks",
				);
				PRODUCT_BUNDLE_IDENTIFIER = "com.excercise.The-Division";
				PRODUCT_NAME = "$(TARGET_NAME)";
				SWIFT_VERSION = 4.0;
				TARGETED_DEVICE_FAMILY = "1,2";
			};
			name = Debug;
		};
		8E4B01ED212118F800986215 /* Release */ = {
			isa = XCBuildConfiguration;
			buildSettings = {
				ASSETCATALOG_COMPILER_APPICON_NAME = AppIcon;
				CODE_SIGN_STYLE = Automatic;
				INFOPLIST_FILE = "The Division/Info.plist";
				LD_RUNPATH_SEARCH_PATHS = (
					"$(inherited)",
					"@executable_path/Frameworks",
				);
				PRODUCT_BUNDLE_IDENTIFIER = "com.excercise.The-Division";
				PRODUCT_NAME = "$(TARGET_NAME)";
				SWIFT_VERSION = 4.0;
				TARGETED_DEVICE_FAMILY = "1,2";
			};
			name = Release;
		};
		8E4B01EF212118F800986215 /* Debug */ = {
			isa = XCBuildConfiguration;
			buildSettings = {
				ALWAYS_EMBED_SWIFT_STANDARD_LIBRARIES = YES;
				BUNDLE_LOADER = "$(TEST_HOST)";
				CODE_SIGN_STYLE = Automatic;
				INFOPLIST_FILE = "The DivisionTests/Info.plist";
				LD_RUNPATH_SEARCH_PATHS = (
					"$(inherited)",
					"@executable_path/Frameworks",
					"@loader_path/Frameworks",
				);
				PRODUCT_BUNDLE_IDENTIFIER = "com.excercise.The-DivisionTests";
				PRODUCT_NAME = "$(TARGET_NAME)";
				SWIFT_VERSION = 4.0;
				TARGETED_DEVICE_FAMILY = "1,2";
				TEST_HOST = "$(BUILT_PRODUCTS_DIR)/The Division.app/The Division";
			};
			name = Debug;
		};
		8E4B01F0212118F800986215 /* Release */ = {
			isa = XCBuildConfiguration;
			buildSettings = {
				ALWAYS_EMBED_SWIFT_STANDARD_LIBRARIES = YES;
				BUNDLE_LOADER = "$(TEST_HOST)";
				CODE_SIGN_STYLE = Automatic;
				INFOPLIST_FILE = "The DivisionTests/Info.plist";
				LD_RUNPATH_SEARCH_PATHS = (
					"$(inherited)",
					"@executable_path/Frameworks",
					"@loader_path/Frameworks",
				);
				PRODUCT_BUNDLE_IDENTIFIER = "com.excercise.The-DivisionTests";
				PRODUCT_NAME = "$(TARGET_NAME)";
				SWIFT_VERSION = 4.0;
				TARGETED_DEVICE_FAMILY = "1,2";
				TEST_HOST = "$(BUILT_PRODUCTS_DIR)/The Division.app/The Division";
			};
			name = Release;
		};
/* End XCBuildConfiguration section */

/* Begin XCConfigurationList section */
		8E4B01C6212118EC00986215 /* Build configuration list for PBXProject "The Division" */ = {
			isa = XCConfigurationList;
			buildConfigurations = (
				8E4B01E9212118F800986215 /* Debug */,
				8E4B01EA212118F800986215 /* Release */,
			);
			defaultConfigurationIsVisible = 0;
			defaultConfigurationName = Release;
		};
		8E4B01EB212118F800986215 /* Build configuration list for PBXNativeTarget "The Division" */ = {
			isa = XCConfigurationList;
			buildConfigurations = (
				8E4B01EC212118F800986215 /* Debug */,
				8E4B01ED212118F800986215 /* Release */,
			);
			defaultConfigurationIsVisible = 0;
			defaultConfigurationName = Release;
		};
		8E4B01EE212118F800986215 /* Build configuration list for PBXNativeTarget "The DivisionTests" */ = {
			isa = XCConfigurationList;
			buildConfigurations = (
				8E4B01EF212118F800986215 /* Debug */,
				8E4B01F0212118F800986215 /* Release */,
			);
			defaultConfigurationIsVisible = 0;
			defaultConfigurationName = Release;
		};
/* End XCConfigurationList section */

/* Begin XCVersionGroup section */
		8E4B01D5212118ED00986215 /* The_Division.xcdatamodeld */ = {
			isa = XCVersionGroup;
			children = (
				8E4B01D6212118ED00986215 /* The_Division.xcdatamodel */,
			);
			currentVersion = 8E4B01D6212118ED00986215 /* The_Division.xcdatamodel */;
			path = The_Division.xcdatamodeld;
			sourceTree = "<group>";
			versionGroupType = wrapper.xcdatamodel;
		};
/* End XCVersionGroup section */
	};
	rootObject = 8E4B01C3212118EC00986215 /* Project object */;
}
